{
    "_meta": {
        "hash": {
            "sha256": "e74d80de977256c9b5bb465533aa2de44f04326fa645fca5c9f5cc03e91380f9"
        },
        "pipfile-spec": 6,
        "requires": {
            "python_version": "3.12"
        },
        "sources": [
            {
                "name": "pypi",
                "url": "https://pypi.org/simple",
                "verify_ssl": true
            }
        ]
    },
    "default": {
        "opencc": {
            "hashes": [
                "sha256:bfca25fb46add057454075ba4c4dfed51c19c09944a960e3920ac22ba24097e2",
                "sha256:c845abfcd6936ea110ff19de0da85e5ed99953cb03836be975bd0d5b163618e1"
            ],
            "index": "pypi",
            "version": "==0.2"
        }
    },
    "develop": {}
}
